
Microsoft Visual Studio Solution File, Format Version 12.00
# Visual Studio 15
VisualStudioVersion = 15.0.28010.2016
MinimumVisualStudioVersion = 10.0.40219.1
Project("{FAE04EC0-301F-11D3-BF4B-00C04F79EFBC}") = "WinTracert", "WinTracert\WinTracert.csproj", "{48E7BA5A-76BA-42AA-8740-4A9C97EF5BB0}"
EndProject
Project("{FAE04EC0-301F-11D3-BF4B-00C04F79EFBC}") = "CmdWrapper", "CmdWrapper\CmdWrapper.csproj", "{7EC52A92-D9C3-4B86-9BA2-5ABE55989982}"
EndProject
Project("{FAE04EC0-301F-11D3-BF4B-00C04F79EFBC}") = "ChkDump", "ChkDump\ChkDump.csproj", "{28815838-F543-49AA-A3F0-ABD3E78D021F}"
EndProject
Project("{FAE04EC0-301F-11D3-BF4B-00C04F79EFBC}") = "DJ", "DJ\DJ.csproj", "{18192F12-1710-49F5-A091-2907A8EAF9A7}"
EndProject
Project("{FAE04EC0-301F-11D3-BF4B-00C04F79EFBC}") = "FileBroadcaster", "FileBroadcaster\FileBroadcaster.csproj", "{23D66493-2D87-4086-8A40-8A52EEBF2132}"
EndProject
Project("{FAE04EC0-301F-11D3-BF4B-00C04F79EFBC}") = "DJConsumer", "DJConsumer\DJConsumer.csproj", "{515398D8-A76E-4633-B8C1-E83A87EF4B79}"
EndProject
Project("{FAE04EC0-301F-11D3-BF4B-00C04F79EFBC}") = "HelloWorld", "HelloWorld\HelloWorld.csproj", "{93B66C28-FF11-4F09-9540-5EFCDAA1EBE6}"
EndProject
Project("{FAE04EC0-301F-11D3-BF4B-00C04F79EFBC}") = "Brzydal", "Brzydal\Brzydal.csproj", "{564C7459-D3B6-43A7-9D1B-627C11778FAE}"
EndProject
Project("{FAE04EC0-301F-11D3-BF4B-00C04F79EFBC}") = "Reg", "Reg\Reg.csproj", "{A63A9F4E-E1B2-451F-956A-EA02DAB616B0}"
EndProject
Global
	GlobalSection(SolutionConfigurationPlatforms) = preSolution
		Debug|Any CPU = Debug|Any CPU
		Release|Any CPU = Release|Any CPU
	EndGlobalSection
	GlobalSection(ProjectConfigurationPlatforms) = postSolution
		{48E7BA5A-76BA-42AA-8740-4A9C97EF5BB0}.Debug|Any CPU.ActiveCfg = Debug|Any CPU
		{48E7BA5A-76BA-42AA-8740-4A9C97EF5BB0}.Debug|Any CPU.Build.0 = Debug|Any CPU
		{48E7BA5A-76BA-42AA-8740-4A9C97EF5BB0}.Release|Any CPU.ActiveCfg = Release|Any CPU
		{48E7BA5A-76BA-42AA-8740-4A9C97EF5BB0}.Release|Any CPU.Build.0 = Release|Any CPU
		{7EC52A92-D9C3-4B86-9BA2-5ABE55989982}.Debug|Any CPU.ActiveCfg = Debug|Any CPU
		{7EC52A92-D9C3-4B86-9BA2-5ABE55989982}.Debug|Any CPU.Build.0 = Debug|Any CPU
		{7EC52A92-D9C3-4B86-9BA2-5ABE55989982}.Release|Any CPU.ActiveCfg = Release|Any CPU
		{7EC52A92-D9C3-4B86-9BA2-5ABE55989982}.Release|Any CPU.Build.0 = Release|Any CPU
		{28815838-F543-49AA-A3F0-ABD3E78D021F}.Debug|Any CPU.ActiveCfg = Debug|Any CPU
		{28815838-F543-49AA-A3F0-ABD3E78D021F}.Debug|Any CPU.Build.0 = Debug|Any CPU
		{28815838-F543-49AA-A3F0-ABD3E78D021F}.Release|Any CPU.ActiveCfg = Release|Any CPU
		{28815838-F543-49AA-A3F0-ABD3E78D021F}.Release|Any CPU.Build.0 = Release|Any CPU
		{18192F12-1710-49F5-A091-2907A8EAF9A7}.Debug|Any CPU.ActiveCfg = Debug|Any CPU
		{18192F12-1710-49F5-A091-2907A8EAF9A7}.Debug|Any CPU.Build.0 = Debug|Any CPU
		{18192F12-1710-49F5-A091-2907A8EAF9A7}.Release|Any CPU.ActiveCfg = Release|Any CPU
		{18192F12-1710-49F5-A091-2907A8EAF9A7}.Release|Any CPU.Build.0 = Release|Any CPU
		{23D66493-2D87-4086-8A40-8A52EEBF2132}.Debug|Any CPU.ActiveCfg = Debug|Any CPU
		{23D66493-2D87-4086-8A40-8A52EEBF2132}.Debug|Any CPU.Build.0 = Debug|Any CPU
		{23D66493-2D87-4086-8A40-8A52EEBF2132}.Release|Any CPU.ActiveCfg = Release|Any CPU
		{23D66493-2D87-4086-8A40-8A52EEBF2132}.Release|Any CPU.Build.0 = Release|Any CPU
		{515398D8-A76E-4633-B8C1-E83A87EF4B79}.Debug|Any CPU.ActiveCfg = Debug|Any CPU
		{515398D8-A76E-4633-B8C1-E83A87EF4B79}.Debug|Any CPU.Build.0 = Debug|Any CPU
		{515398D8-A76E-4633-B8C1-E83A87EF4B79}.Release|Any CPU.ActiveCfg = Release|Any CPU
		{515398D8-A76E-4633-B8C1-E83A87EF4B79}.Release|Any CPU.Build.0 = Release|Any CPU
		{93B66C28-FF11-4F09-9540-5EFCDAA1EBE6}.Debug|Any CPU.ActiveCfg = Debug|Any CPU
		{93B66C28-FF11-4F09-9540-5EFCDAA1EBE6}.Debug|Any CPU.Build.0 = Debug|Any CPU
		{93B66C28-FF11-4F09-9540-5EFCDAA1EBE6}.Release|Any CPU.ActiveCfg = Release|Any CPU
		{93B66C28-FF11-4F09-9540-5EFCDAA1EBE6}.Release|Any CPU.Build.0 = Release|Any CPU
		{564C7459-D3B6-43A7-9D1B-627C11778FAE}.Debug|Any CPU.ActiveCfg = Debug|Any CPU
		{564C7459-D3B6-43A7-9D1B-627C11778FAE}.Debug|Any CPU.Build.0 = Debug|Any CPU
		{564C7459-D3B6-43A7-9D1B-627C11778FAE}.Release|Any CPU.ActiveCfg = Release|Any CPU
		{564C7459-D3B6-43A7-9D1B-627C11778FAE}.Release|Any CPU.Build.0 = Release|Any CPU
		{A63A9F4E-E1B2-451F-956A-EA02DAB616B0}.Debug|Any CPU.ActiveCfg = Debug|Any CPU
		{A63A9F4E-E1B2-451F-956A-EA02DAB616B0}.Debug|Any CPU.Build.0 = Debug|Any CPU
		{A63A9F4E-E1B2-451F-956A-EA02DAB616B0}.Release|Any CPU.ActiveCfg = Release|Any CPU
		{A63A9F4E-E1B2-451F-956A-EA02DAB616B0}.Release|Any CPU.Build.0 = Release|Any CPU
	EndGlobalSection
	GlobalSection(SolutionProperties) = preSolution
		HideSolutionNode = FALSE
	EndGlobalSection
	GlobalSection(ExtensibilityGlobals) = postSolution
		SolutionGuid = {E192E282-1E3C-4C41-A478-F5A6A9485FE2}
	EndGlobalSection
EndGlobal
